# This file is automatically @generated by Cargo.
# It is not intended for manual editing.
version = 4

[[package]]
name = "base-crate"
version = "0.1.0"

[[package]]
name = "dependent-transitive-conflict"
version = "0.1.0"
dependencies = [
 "base-crate",
 "transitive-depth-4",
]

[[package]]
name = "transitive-depth-1"
version = "1.0.0"
dependencies = [
 "base-crate",
]

[[package]]
name = "transitive-depth-2"
version = "1.0.0"
dependencies = [
 "transitive-depth-1",
]

[[package]]
name = "transitive-depth-3"
version = "1.0.0"
dependencies = [
 "transitive-depth-2",
]

[[package]]
name = "transitive-depth-4"
version = "1.0.0"
dependencies = [
 "transitive-depth-3",
]
